
Microsoft Visual Studio Solution File, Format Version 12.00
# Visual Studio Version 17
VisualStudioVersion = 17.13.35806.99
MinimumVisualStudioVersion = 10.0.40219.1
Project("{FAE04EC0-301F-11D3-BF4B-00C04F79EFBC}") = "Firma.PortalWWW", "Firma.PortalWWW\Firma.PortalWWW.csproj", "{19624CB7-EB08-4613-BC77-0D0D2AAD1492}"
EndProject
Project("{FAE04EC0-301F-11D3-BF4B-00C04F79EFBC}") = "Firma.Intranet", "Firma.Intranet\Firma.Intranet.csproj", "{C5C621B4-D4F6-467D-AD8C-2D206A27C81D}"
EndProject
Project("{FAE04EC0-301F-11D3-BF4B-00C04F79EFBC}") = "Firma.Data", "Firma.Data\Firma.Data.csproj", "{5255CE1D-E781-4D37-9D3C-A11F6077A41E}"
EndProject
Global
	GlobalSection(SolutionConfigurationPlatforms) = preSolution
		Debug|Any CPU = Debug|Any CPU
		Release|Any CPU = Release|Any CPU
	EndGlobalSection
	GlobalSection(ProjectConfigurationPlatforms) = postSolution
		{19624CB7-EB08-4613-BC77-0D0D2AAD1492}.Debug|Any CPU.ActiveCfg = Debug|Any CPU
		{19624CB7-EB08-4613-BC77-0D0D2AAD1492}.Debug|Any CPU.Build.0 = Debug|Any CPU
		{19624CB7-EB08-4613-BC77-0D0D2AAD1492}.Release|Any CPU.ActiveCfg = Release|Any CPU
		{19624CB7-EB08-4613-BC77-0D0D2AAD1492}.Release|Any CPU.Build.0 = Release|Any CPU
		{C5C621B4-D4F6-467D-AD8C-2D206A27C81D}.Debug|Any CPU.ActiveCfg = Debug|Any CPU
		{C5C621B4-D4F6-467D-AD8C-2D206A27C81D}.Debug|Any CPU.Build.0 = Debug|Any CPU
		{C5C621B4-D4F6-467D-AD8C-2D206A27C81D}.Release|Any CPU.ActiveCfg = Release|Any CPU
		{C5C621B4-D4F6-467D-AD8C-2D206A27C81D}.Release|Any CPU.Build.0 = Release|Any CPU
		{5255CE1D-E781-4D37-9D3C-A11F6077A41E}.Debug|Any CPU.ActiveCfg = Debug|Any CPU
		{5255CE1D-E781-4D37-9D3C-A11F6077A41E}.Debug|Any CPU.Build.0 = Debug|Any CPU
		{5255CE1D-E781-4D37-9D3C-A11F6077A41E}.Release|Any CPU.ActiveCfg = Release|Any CPU
		{5255CE1D-E781-4D37-9D3C-A11F6077A41E}.Release|Any CPU.Build.0 = Release|Any CPU
	EndGlobalSection
	GlobalSection(SolutionProperties) = preSolution
		HideSolutionNode = FALSE
	EndGlobalSection
	GlobalSection(ExtensibilityGlobals) = postSolution
		SolutionGuid = {06AB6084-C942-451E-B494-6F720E60475E}
	EndGlobalSection
EndGlobal
